
Microsoft Visual Studio Solution File, Format Version 12.00
# Visual Studio 15
VisualStudioVersion = 15.0.27004.2008
MinimumVisualStudioVersion = 10.0.40219.1
Project("{D954291E-2A0B-460D-934E-DC6B0785DB48}") = "Mal.XF.Wallpaper", "Mal.XF.Wallpaper\Mal.XF.Wallpaper\Mal.XF.Wallpaper.shproj", "{137F4C6D-469D-4C43-8116-D8997577E24E}"
EndProject
Project("{FAE04EC0-301F-11D3-BF4B-00C04F79EFBC}") = "Mal.XF.Wallpaper.Android", "Mal.XF.Wallpaper\Mal.XF.Wallpaper.Android\Mal.XF.Wallpaper.Android.csproj", "{1FB81BE0-5C7D-449D-B119-B63302402AD1}"
EndProject
Project("{FAE04EC0-301F-11D3-BF4B-00C04F79EFBC}") = "Mal.XF.Wallpaper.iOS", "Mal.XF.Wallpaper\Mal.XF.Wallpaper.iOS\Mal.XF.Wallpaper.iOS.csproj", "{3E3F6D61-D909-45B2-97E1-4AB957C92CA1}"
EndProject
Project("{FAE04EC0-301F-11D3-BF4B-00C04F79EFBC}") = "Mal.XF.Wallpaper.UWP", "Mal.XF.Wallpaper\Mal.XF.Wallpaper.UWP\Mal.XF.Wallpaper.UWP.csproj", "{43C0DC70-3083-4996-AB68-617B8BFD6764}"
EndProject
Project("{FAE04EC0-301F-11D3-BF4B-00C04F79EFBC}") = "Mal.XF.Infra", "..\Mal.XF.Infra\Mal.XF.Infra\Mal.XF.Infra.csproj", "{0DB882BE-3D4B-42FC-A211-CE953979F41F}"
EndProject
Global
	GlobalSection(SharedMSBuildProjectFiles) = preSolution
		Mal.XF.Wallpaper\Mal.XF.Wallpaper\Mal.XF.Wallpaper.projitems*{137f4c6d-469d-4c43-8116-d8997577e24e}*SharedItemsImports = 13
		Mal.XF.Wallpaper\Mal.XF.Wallpaper\Mal.XF.Wallpaper.projitems*{1fb81be0-5c7d-449d-b119-b63302402ad1}*SharedItemsImports = 4
		Mal.XF.Wallpaper\Mal.XF.Wallpaper\Mal.XF.Wallpaper.projitems*{43c0dc70-3083-4996-ab68-617b8bfd6764}*SharedItemsImports = 4
	EndGlobalSection
	GlobalSection(SolutionConfigurationPlatforms) = preSolution
		Ad-Hoc|Any CPU = Ad-Hoc|Any CPU
		Ad-Hoc|ARM = Ad-Hoc|ARM
		Ad-Hoc|iPhone = Ad-Hoc|iPhone
		Ad-Hoc|iPhoneSimulator = Ad-Hoc|iPhoneSimulator
		Ad-Hoc|x64 = Ad-Hoc|x64
		Ad-Hoc|x86 = Ad-Hoc|x86
		AppStore|Any CPU = AppStore|Any CPU
		AppStore|ARM = AppStore|ARM
		AppStore|iPhone = AppStore|iPhone
		AppStore|iPhoneSimulator = AppStore|iPhoneSimulator
		AppStore|x64 = AppStore|x64
		AppStore|x86 = AppStore|x86
		Debug|Any CPU = Debug|Any CPU
		Debug|ARM = Debug|ARM
		Debug|iPhone = Debug|iPhone
		Debug|iPhoneSimulator = Debug|iPhoneSimulator
		Debug|x64 = Debug|x64
		Debug|x86 = Debug|x86
		Release|Any CPU = Release|Any CPU
		Release|ARM = Release|ARM
		Release|iPhone = Release|iPhone
		Release|iPhoneSimulator = Release|iPhoneSimulator
		Release|x64 = Release|x64
		Release|x86 = Release|x86
	EndGlobalSection
	GlobalSection(ProjectConfigurationPlatforms) = postSolution
		{1FB81BE0-5C7D-449D-B119-B63302402AD1}.Ad-Hoc|Any CPU.ActiveCfg = Release|Any CPU
		{1FB81BE0-5C7D-449D-B119-B63302402AD1}.Ad-Hoc|Any CPU.Build.0 = Release|Any CPU
		{1FB81BE0-5C7D-449D-B119-B63302402AD1}.Ad-Hoc|Any CPU.Deploy.0 = Release|Any CPU
		{1FB81BE0-5C7D-449D-B119-B63302402AD1}.Ad-Hoc|ARM.ActiveCfg = Release|Any CPU
		{1FB81BE0-5C7D-449D-B119-B63302402AD1}.Ad-Hoc|ARM.Build.0 = Release|Any CPU
		{1FB81BE0-5C7D-449D-B119-B63302402AD1}.Ad-Hoc|ARM.Deploy.0 = Release|Any CPU
		{1FB81BE0-5C7D-449D-B119-B63302402AD1}.Ad-Hoc|iPhone.ActiveCfg = Release|Any CPU
		{1FB81BE0-5C7D-449D-B119-B63302402AD1}.Ad-Hoc|iPhone.Build.0 = Release|Any CPU
		{1FB81BE0-5C7D-449D-B119-B63302402AD1}.Ad-Hoc|iPhone.Deploy.0 = Release|Any CPU
		{1FB81BE0-5C7D-449D-B119-B63302402AD1}.Ad-Hoc|iPhoneSimulator.ActiveCfg = Release|Any CPU
		{1FB81BE0-5C7D-449D-B119-B63302402AD1}.Ad-Hoc|iPhoneSimulator.Build.0 = Release|Any CPU
		{1FB81BE0-5C7D-449D-B119-B63302402AD1}.Ad-Hoc|iPhoneSimulator.Deploy.0 = Release|Any CPU
		{1FB81BE0-5C7D-449D-B119-B63302402AD1}.Ad-Hoc|x64.ActiveCfg = Release|Any CPU
		{1FB81BE0-5C7D-449D-B119-B63302402AD1}.Ad-Hoc|x64.Build.0 = Release|Any CPU
		{1FB81BE0-5C7D-449D-B119-B63302402AD1}.Ad-Hoc|x64.Deploy.0 = Release|Any CPU
		{1FB81BE0-5C7D-449D-B119-B63302402AD1}.Ad-Hoc|x86.ActiveCfg = Release|Any CPU
		{1FB81BE0-5C7D-449D-B119-B63302402AD1}.Ad-Hoc|x86.Build.0 = Release|Any CPU
		{1FB81BE0-5C7D-449D-B119-B63302402AD1}.Ad-Hoc|x86.Deploy.0 = Release|Any CPU
		{1FB81BE0-5C7D-449D-B119-B63302402AD1}.AppStore|Any CPU.ActiveCfg = Release|Any CPU
		{1FB81BE0-5C7D-449D-B119-B63302402AD1}.AppStore|Any CPU.Build.0 = Release|Any CPU
		{1FB81BE0-5C7D-449D-B119-B63302402AD1}.AppStore|Any CPU.Deploy.0 = Release|Any CPU
		{1FB81BE0-5C7D-449D-B119-B63302402AD1}.AppStore|ARM.ActiveCfg = Release|Any CPU
		{1FB81BE0-5C7D-449D-B119-B63302402AD1}.AppStore|ARM.Build.0 = Release|Any CPU
		{1FB81BE0-5C7D-449D-B119-B63302402AD1}.AppStore|ARM.Deploy.0 = Release|Any CPU
		{1FB81BE0-5C7D-449D-B119-B63302402AD1}.AppStore|iPhone.ActiveCfg = Release|Any CPU
		{1FB81BE0-5C7D-449D-B119-B63302402AD1}.AppStore|iPhone.Build.0 = Release|Any CPU
		{1FB81BE0-5C7D-449D-B119-B63302402AD1}.AppStore|iPhone.Deploy.0 = Release|Any CPU
		{1FB81BE0-5C7D-449D-B119-B63302402AD1}.AppStore|iPhoneSimulator.ActiveCfg = Release|Any CPU
		{1FB81BE0-5C7D-449D-B119-B63302402AD1}.AppStore|iPhoneSimulator.Build.0 = Release|Any CPU
		{1FB81BE0-5C7D-449D-B119-B63302402AD1}.AppStore|iPhoneSimulator.Deploy.0 = Release|Any CPU
		{1FB81BE0-5C7D-449D-B119-B63302402AD1}.AppStore|x64.ActiveCfg = Release|Any CPU
		{1FB81BE0-5C7D-449D-B119-B63302402AD1}.AppStore|x64.Build.0 = Release|Any CPU
		{1FB81BE0-5C7D-449D-B119-B63302402AD1}.AppStore|x64.Deploy.0 = Release|Any CPU
		{1FB81BE0-5C7D-449D-B119-B63302402AD1}.AppStore|x86.ActiveCfg = Release|Any CPU
		{1FB81BE0-5C7D-449D-B119-B63302402AD1}.AppStore|x86.Build.0 = Release|Any CPU
		{1FB81BE0-5C7D-449D-B119-B63302402AD1}.AppStore|x86.Deploy.0 = Release|Any CPU
		{1FB81BE0-5C7D-449D-B119-B63302402AD1}.Debug|Any CPU.ActiveCfg = Debug|Any CPU
		{1FB81BE0-5C7D-449D-B119-B63302402AD1}.Debug|Any CPU.Build.0 = Debug|Any CPU
		{1FB81BE0-5C7D-449D-B119-B63302402AD1}.Debug|Any CPU.Deploy.0 = Debug|Any CPU
		{1FB81BE0-5C7D-449D-B119-B63302402AD1}.Debug|ARM.ActiveCfg = Debug|Any CPU
		{1FB81BE0-5C7D-449D-B119-B63302402AD1}.Debug|ARM.Build.0 = Debug|Any CPU
		{1FB81BE0-5C7D-449D-B119-B63302402AD1}.Debug|ARM.Deploy.0 = Debug|Any CPU
		{1FB81BE0-5C7D-449D-B119-B63302402AD1}.Debug|iPhone.ActiveCfg = Debug|Any CPU
		{1FB81BE0-5C7D-449D-B119-B63302402AD1}.Debug|iPhone.Build.0 = Debug|Any CPU
		{1FB81BE0-5C7D-449D-B119-B63302402AD1}.Debug|iPhone.Deploy.0 = Debug|Any CPU
		{1FB81BE0-5C7D-449D-B119-B63302402AD1}.Debug|iPhoneSimulator.ActiveCfg = Debug|Any CPU
		{1FB81BE0-5C7D-449D-B119-B63302402AD1}.Debug|iPhoneSimulator.Build.0 = Debug|Any CPU
		{1FB81BE0-5C7D-449D-B119-B63302402AD1}.Debug|iPhoneSimulator.Deploy.0 = Debug|Any CPU
		{1FB81BE0-5C7D-449D-B119-B63302402AD1}.Debug|x64.ActiveCfg = Debug|Any CPU
		{1FB81BE0-5C7D-449D-B119-B63302402AD1}.Debug|x64.Build.0 = Debug|Any CPU
		{1FB81BE0-5C7D-449D-B119-B63302402AD1}.Debug|x64.Deploy.0 = Debug|Any CPU
		{1FB81BE0-5C7D-449D-B119-B63302402AD1}.Debug|x86.ActiveCfg = Debug|Any CPU
		{1FB81BE0-5C7D-449D-B119-B63302402AD1}.Debug|x86.Build.0 = Debug|Any CPU
		{1FB81BE0-5C7D-449D-B119-B63302402AD1}.Debug|x86.Deploy.0 = Debug|Any CPU
		{1FB81BE0-5C7D-449D-B119-B63302402AD1}.Release|Any CPU.ActiveCfg = Release|Any CPU
		{1FB81BE0-5C7D-449D-B119-B63302402AD1}.Release|Any CPU.Build.0 = Release|Any CPU
		{1FB81BE0-5C7D-449D-B119-B63302402AD1}.Release|Any CPU.Deploy.0 = Release|Any CPU
		{1FB81BE0-5C7D-449D-B119-B63302402AD1}.Release|ARM.ActiveCfg = Release|Any CPU
		{1FB81BE0-5C7D-449D-B119-B63302402AD1}.Release|ARM.Build.0 = Release|Any CPU
		{1FB81BE0-5C7D-449D-B119-B63302402AD1}.Release|ARM.Deploy.0 = Release|Any CPU
		{1FB81BE0-5C7D-449D-B119-B63302402AD1}.Release|iPhone.ActiveCfg = Release|Any CPU
		{1FB81BE0-5C7D-449D-B119-B63302402AD1}.Release|iPhone.Build.0 = Release|Any CPU
		{1FB81BE0-5C7D-449D-B119-B63302402AD1}.Release|iPhone.Deploy.0 = Release|Any CPU
		{1FB81BE0-5C7D-449D-B119-B63302402AD1}.Release|iPhoneSimulator.ActiveCfg = Release|Any CPU
		{1FB81BE0-5C7D-449D-B119-B63302402AD1}.Release|iPhoneSimulator.Build.0 = Release|Any CPU
		{1FB81BE0-5C7D-449D-B119-B63302402AD1}.Release|iPhoneSimulator.Deploy.0 = Release|Any CPU
		{1FB81BE0-5C7D-449D-B119-B63302402AD1}.Release|x64.ActiveCfg = Release|Any CPU
		{1FB81BE0-5C7D-449D-B119-B63302402AD1}.Release|x64.Build.0 = Release|Any CPU
		{1FB81BE0-5C7D-449D-B119-B63302402AD1}.Release|x64.Deploy.0 = Release|Any CPU
		{1FB81BE0-5C7D-449D-B119-B63302402AD1}.Release|x86.ActiveCfg = Release|Any CPU
		{1FB81BE0-5C7D-449D-B119-B63302402AD1}.Release|x86.Build.0 = Release|Any CPU
		{1FB81BE0-5C7D-449D-B119-B63302402AD1}.Release|x86.Deploy.0 = Release|Any CPU
		{3E3F6D61-D909-45B2-97E1-4AB957C92CA1}.Ad-Hoc|Any CPU.ActiveCfg = Ad-Hoc|iPhoneSimulator
		{3E3F6D61-D909-45B2-97E1-4AB957C92CA1}.Ad-Hoc|ARM.ActiveCfg = Ad-Hoc|iPhone
		{3E3F6D61-D909-45B2-97E1-4AB957C92CA1}.Ad-Hoc|iPhone.ActiveCfg = Ad-Hoc|iPhone
		{3E3F6D61-D909-45B2-97E1-4AB957C92CA1}.Ad-Hoc|iPhone.Build.0 = Ad-Hoc|iPhone
		{3E3F6D61-D909-45B2-97E1-4AB957C92CA1}.Ad-Hoc|iPhoneSimulator.ActiveCfg = Ad-Hoc|iPhoneSimulator
		{3E3F6D61-D909-45B2-97E1-4AB957C92CA1}.Ad-Hoc|iPhoneSimulator.Build.0 = Ad-Hoc|iPhoneSimulator
		{3E3F6D61-D909-45B2-97E1-4AB957C92CA1}.Ad-Hoc|x64.ActiveCfg = Ad-Hoc|iPhone
		{3E3F6D61-D909-45B2-97E1-4AB957C92CA1}.Ad-Hoc|x86.ActiveCfg = Ad-Hoc|iPhone
		{3E3F6D61-D909-45B2-97E1-4AB957C92CA1}.AppStore|Any CPU.ActiveCfg = AppStore|iPhoneSimulator
		{3E3F6D61-D909-45B2-97E1-4AB957C92CA1}.AppStore|ARM.ActiveCfg = AppStore|iPhone
		{3E3F6D61-D909-45B2-97E1-4AB957C92CA1}.AppStore|iPhone.ActiveCfg = AppStore|iPhone
		{3E3F6D61-D909-45B2-97E1-4AB957C92CA1}.AppStore|iPhone.Build.0 = AppStore|iPhone
		{3E3F6D61-D909-45B2-97E1-4AB957C92CA1}.AppStore|iPhoneSimulator.ActiveCfg = AppStore|iPhoneSimulator
		{3E3F6D61-D909-45B2-97E1-4AB957C92CA1}.AppStore|iPhoneSimulator.Build.0 = AppStore|iPhoneSimulator
		{3E3F6D61-D909-45B2-97E1-4AB957C92CA1}.AppStore|x64.ActiveCfg = AppStore|iPhone
		{3E3F6D61-D909-45B2-97E1-4AB957C92CA1}.AppStore|x86.ActiveCfg = AppStore|iPhone
		{3E3F6D61-D909-45B2-97E1-4AB957C92CA1}.Debug|Any CPU.ActiveCfg = Debug|iPhoneSimulator
		{3E3F6D61-D909-45B2-97E1-4AB957C92CA1}.Debug|ARM.ActiveCfg = Debug|iPhone
		{3E3F6D61-D909-45B2-97E1-4AB957C92CA1}.Debug|iPhone.ActiveCfg = Debug|iPhone
		{3E3F6D61-D909-45B2-97E1-4AB957C92CA1}.Debug|iPhone.Build.0 = Debug|iPhone
		{3E3F6D61-D909-45B2-97E1-4AB957C92CA1}.Debug|iPhoneSimulator.ActiveCfg = Debug|iPhoneSimulator
		{3E3F6D61-D909-45B2-97E1-4AB957C92CA1}.Debug|iPhoneSimulator.Build.0 = Debug|iPhoneSimulator
		{3E3F6D61-D909-45B2-97E1-4AB957C92CA1}.Debug|x64.ActiveCfg = Debug|iPhone
		{3E3F6D61-D909-45B2-97E1-4AB957C92CA1}.Debug|x86.ActiveCfg = Debug|iPhone
		{3E3F6D61-D909-45B2-97E1-4AB957C92CA1}.Release|Any CPU.ActiveCfg = Release|iPhoneSimulator
		{3E3F6D61-D909-45B2-97E1-4AB957C92CA1}.Release|ARM.ActiveCfg = Release|iPhone
		{3E3F6D61-D909-45B2-97E1-4AB957C92CA1}.Release|iPhone.ActiveCfg = Release|iPhone
		{3E3F6D61-D909-45B2-97E1-4AB957C92CA1}.Release|iPhone.Build.0 = Release|iPhone
		{3E3F6D61-D909-45B2-97E1-4AB957C92CA1}.Release|iPhoneSimulator.ActiveCfg = Release|iPhoneSimulator
		{3E3F6D61-D909-45B2-97E1-4AB957C92CA1}.Release|iPhoneSimulator.Build.0 = Release|iPhoneSimulator
		{3E3F6D61-D909-45B2-97E1-4AB957C92CA1}.Release|x64.ActiveCfg = Release|iPhone
		{3E3F6D61-D909-45B2-97E1-4AB957C92CA1}.Release|x86.ActiveCfg = Release|iPhone
		{43C0DC70-3083-4996-AB68-617B8BFD6764}.Ad-Hoc|Any CPU.ActiveCfg = Release|x86
		{43C0DC70-3083-4996-AB68-617B8BFD6764}.Ad-Hoc|Any CPU.Build.0 = Release|x86
		{43C0DC70-3083-4996-AB68-617B8BFD6764}.Ad-Hoc|Any CPU.Deploy.0 = Release|x86
		{43C0DC70-3083-4996-AB68-617B8BFD6764}.Ad-Hoc|ARM.ActiveCfg = Release|ARM
		{43C0DC70-3083-4996-AB68-617B8BFD6764}.Ad-Hoc|ARM.Build.0 = Release|ARM
		{43C0DC70-3083-4996-AB68-617B8BFD6764}.Ad-Hoc|ARM.Deploy.0 = Release|ARM
		{43C0DC70-3083-4996-AB68-617B8BFD6764}.Ad-Hoc|iPhone.ActiveCfg = Release|x86
		{43C0DC70-3083-4996-AB68-617B8BFD6764}.Ad-Hoc|iPhone.Build.0 = Release|x86
		{43C0DC70-3083-4996-AB68-617B8BFD6764}.Ad-Hoc|iPhone.Deploy.0 = Release|x86
		{43C0DC70-3083-4996-AB68-617B8BFD6764}.Ad-Hoc|iPhoneSimulator.ActiveCfg = Release|x86
		{43C0DC70-3083-4996-AB68-617B8BFD6764}.Ad-Hoc|iPhoneSimulator.Build.0 = Release|x86
		{43C0DC70-3083-4996-AB68-617B8BFD6764}.Ad-Hoc|iPhoneSimulator.Deploy.0 = Release|x86
		{43C0DC70-3083-4996-AB68-617B8BFD6764}.Ad-Hoc|x64.ActiveCfg = Release|x64
		{43C0DC70-3083-4996-AB68-617B8BFD6764}.Ad-Hoc|x64.Build.0 = Release|x64
		{43C0DC70-3083-4996-AB68-617B8BFD6764}.Ad-Hoc|x64.Deploy.0 = Release|x64
		{43C0DC70-3083-4996-AB68-617B8BFD6764}.Ad-Hoc|x86.ActiveCfg = Release|x86
		{43C0DC70-3083-4996-AB68-617B8BFD6764}.Ad-Hoc|x86.Build.0 = Release|x86
		{43C0DC70-3083-4996-AB68-617B8BFD6764}.Ad-Hoc|x86.Deploy.0 = Release|x86
		{43C0DC70-3083-4996-AB68-617B8BFD6764}.AppStore|Any CPU.ActiveCfg = Release|x86
		{43C0DC70-3083-4996-AB68-617B8BFD6764}.AppStore|Any CPU.Build.0 = Release|x86
		{43C0DC70-3083-4996-AB68-617B8BFD6764}.AppStore|Any CPU.Deploy.0 = Release|x86
		{43C0DC70-3083-4996-AB68-617B8BFD6764}.AppStore|ARM.ActiveCfg = Release|ARM
		{43C0DC70-3083-4996-AB68-617B8BFD6764}.AppStore|ARM.Build.0 = Release|ARM
		{43C0DC70-3083-4996-AB68-617B8BFD6764}.AppStore|ARM.Deploy.0 = Release|ARM
		{43C0DC70-3083-4996-AB68-617B8BFD6764}.AppStore|iPhone.ActiveCfg = Release|x86
		{43C0DC70-3083-4996-AB68-617B8BFD6764}.AppStore|iPhone.Build.0 = Release|x86
		{43C0DC70-3083-4996-AB68-617B8BFD6764}.AppStore|iPhone.Deploy.0 = Release|x86
		{43C0DC70-3083-4996-AB68-617B8BFD6764}.AppStore|iPhoneSimulator.ActiveCfg = Release|x86
		{43C0DC70-3083-4996-AB68-617B8BFD6764}.AppStore|iPhoneSimulator.Build.0 = Release|x86
		{43C0DC70-3083-4996-AB68-617B8BFD6764}.AppStore|iPhoneSimulator.Deploy.0 = Release|x86
		{43C0DC70-3083-4996-AB68-617B8BFD6764}.AppStore|x64.ActiveCfg = Release|x64
		{43C0DC70-3083-4996-AB68-617B8BFD6764}.AppStore|x64.Build.0 = Release|x64
		{43C0DC70-3083-4996-AB68-617B8BFD6764}.AppStore|x64.Deploy.0 = Release|x64
		{43C0DC70-3083-4996-AB68-617B8BFD6764}.AppStore|x86.ActiveCfg = Release|x86
		{43C0DC70-3083-4996-AB68-617B8BFD6764}.AppStore|x86.Build.0 = Release|x86
		{43C0DC70-3083-4996-AB68-617B8BFD6764}.AppStore|x86.Deploy.0 = Release|x86
		{43C0DC70-3083-4996-AB68-617B8BFD6764}.Debug|Any CPU.ActiveCfg = Debug|x86
		{43C0DC70-3083-4996-AB68-617B8BFD6764}.Debug|ARM.ActiveCfg = Debug|ARM
		{43C0DC70-3083-4996-AB68-617B8BFD6764}.Debug|ARM.Build.0 = Debug|ARM
		{43C0DC70-3083-4996-AB68-617B8BFD6764}.Debug|ARM.Deploy.0 = Debug|ARM
		{43C0DC70-3083-4996-AB68-617B8BFD6764}.Debug|iPhone.ActiveCfg = Debug|x86
		{43C0DC70-3083-4996-AB68-617B8BFD6764}.Debug|iPhoneSimulator.ActiveCfg = Debug|x86
		{43C0DC70-3083-4996-AB68-617B8BFD6764}.Debug|x64.ActiveCfg = Debug|x64
		{43C0DC70-3083-4996-AB68-617B8BFD6764}.Debug|x64.Build.0 = Debug|x64
		{43C0DC70-3083-4996-AB68-617B8BFD6764}.Debug|x64.Deploy.0 = Debug|x64
		{43C0DC70-3083-4996-AB68-617B8BFD6764}.Debug|x86.ActiveCfg = Debug|x86
		{43C0DC70-3083-4996-AB68-617B8BFD6764}.Debug|x86.Build.0 = Debug|x86
		{43C0DC70-3083-4996-AB68-617B8BFD6764}.Debug|x86.Deploy.0 = Debug|x86
		{43C0DC70-3083-4996-AB68-617B8BFD6764}.Release|Any CPU.ActiveCfg = Release|x86
		{43C0DC70-3083-4996-AB68-617B8BFD6764}.Release|ARM.ActiveCfg = Release|ARM
		{43C0DC70-3083-4996-AB68-617B8BFD6764}.Release|ARM.Build.0 = Release|ARM
		{43C0DC70-3083-4996-AB68-617B8BFD6764}.Release|ARM.Deploy.0 = Release|ARM
		{43C0DC70-3083-4996-AB68-617B8BFD6764}.Release|iPhone.ActiveCfg = Release|x86
		{43C0DC70-3083-4996-AB68-617B8BFD6764}.Release|iPhoneSimulator.ActiveCfg = Release|x86
		{43C0DC70-3083-4996-AB68-617B8BFD6764}.Release|x64.ActiveCfg = Release|x64
		{43C0DC70-3083-4996-AB68-617B8BFD6764}.Release|x64.Build.0 = Release|x64
		{43C0DC70-3083-4996-AB68-617B8BFD6764}.Release|x64.Deploy.0 = Release|x64
		{43C0DC70-3083-4996-AB68-617B8BFD6764}.Release|x86.ActiveCfg = Release|x86
		{43C0DC70-3083-4996-AB68-617B8BFD6764}.Release|x86.Build.0 = Release|x86
		{43C0DC70-3083-4996-AB68-617B8BFD6764}.Release|x86.Deploy.0 = Release|x86
		{0DB882BE-3D4B-42FC-A211-CE953979F41F}.Ad-Hoc|Any CPU.ActiveCfg = Release|Any CPU
		{0DB882BE-3D4B-42FC-A211-CE953979F41F}.Ad-Hoc|Any CPU.Build.0 = Release|Any CPU
		{0DB882BE-3D4B-42FC-A211-CE953979F41F}.Ad-Hoc|ARM.ActiveCfg = Release|Any CPU
		{0DB882BE-3D4B-42FC-A211-CE953979F41F}.Ad-Hoc|ARM.Build.0 = Release|Any CPU
		{0DB882BE-3D4B-42FC-A211-CE953979F41F}.Ad-Hoc|iPhone.ActiveCfg = Release|Any CPU
		{0DB882BE-3D4B-42FC-A211-CE953979F41F}.Ad-Hoc|iPhone.Build.0 = Release|Any CPU
		{0DB882BE-3D4B-42FC-A211-CE953979F41F}.Ad-Hoc|iPhoneSimulator.ActiveCfg = Release|Any CPU
		{0DB882BE-3D4B-42FC-A211-CE953979F41F}.Ad-Hoc|iPhoneSimulator.Build.0 = Release|Any CPU
		{0DB882BE-3D4B-42FC-A211-CE953979F41F}.Ad-Hoc|x64.ActiveCfg = Release|Any CPU
		{0DB882BE-3D4B-42FC-A211-CE953979F41F}.Ad-Hoc|x64.Build.0 = Release|Any CPU
		{0DB882BE-3D4B-42FC-A211-CE953979F41F}.Ad-Hoc|x86.ActiveCfg = Release|Any CPU
		{0DB882BE-3D4B-42FC-A211-CE953979F41F}.Ad-Hoc|x86.Build.0 = Release|Any CPU
		{0DB882BE-3D4B-42FC-A211-CE953979F41F}.AppStore|Any CPU.ActiveCfg = Release|Any CPU
		{0DB882BE-3D4B-42FC-A211-CE953979F41F}.AppStore|Any CPU.Build.0 = Release|Any CPU
		{0DB882BE-3D4B-42FC-A211-CE953979F41F}.AppStore|ARM.ActiveCfg = Release|Any CPU
		{0DB882BE-3D4B-42FC-A211-CE953979F41F}.AppStore|ARM.Build.0 = Release|Any CPU
		{0DB882BE-3D4B-42FC-A211-CE953979F41F}.AppStore|iPhone.ActiveCfg = Release|Any CPU
		{0DB882BE-3D4B-42FC-A211-CE953979F41F}.AppStore|iPhone.Build.0 = Release|Any CPU
		{0DB882BE-3D4B-42FC-A211-CE953979F41F}.AppStore|iPhoneSimulator.ActiveCfg = Release|Any CPU
		{0DB882BE-3D4B-42FC-A211-CE953979F41F}.AppStore|iPhoneSimulator.Build.0 = Release|Any CPU
		{0DB882BE-3D4B-42FC-A211-CE953979F41F}.AppStore|x64.ActiveCfg = Release|Any CPU
		{0DB882BE-3D4B-42FC-A211-CE953979F41F}.AppStore|x64.Build.0 = Release|Any CPU
		{0DB882BE-3D4B-42FC-A211-CE953979F41F}.AppStore|x86.ActiveCfg = Release|Any CPU
		{0DB882BE-3D4B-42FC-A211-CE953979F41F}.AppStore|x86.Build.0 = Release|Any CPU
		{0DB882BE-3D4B-42FC-A211-CE953979F41F}.Debug|Any CPU.ActiveCfg = Debug|Any CPU
		{0DB882BE-3D4B-42FC-A211-CE953979F41F}.Debug|Any CPU.Build.0 = Debug|Any CPU
		{0DB882BE-3D4B-42FC-A211-CE953979F41F}.Debug|ARM.ActiveCfg = Debug|Any CPU
		{0DB882BE-3D4B-42FC-A211-CE953979F41F}.Debug|ARM.Build.0 = Debug|Any CPU
		{0DB882BE-3D4B-42FC-A211-CE953979F41F}.Debug|iPhone.ActiveCfg = Debug|Any CPU
		{0DB882BE-3D4B-42FC-A211-CE953979F41F}.Debug|iPhone.Build.0 = Debug|Any CPU
		{0DB882BE-3D4B-42FC-A211-CE953979F41F}.Debug|iPhoneSimulator.ActiveCfg = Debug|Any CPU
		{0DB882BE-3D4B-42FC-A211-CE953979F41F}.Debug|iPhoneSimulator.Build.0 = Debug|Any CPU
		{0DB882BE-3D4B-42FC-A211-CE953979F41F}.Debug|x64.ActiveCfg = Debug|Any CPU
		{0DB882BE-3D4B-42FC-A211-CE953979F41F}.Debug|x64.Build.0 = Debug|Any CPU
		{0DB882BE-3D4B-42FC-A211-CE953979F41F}.Debug|x86.ActiveCfg = Debug|Any CPU
		{0DB882BE-3D4B-42FC-A211-CE953979F41F}.Debug|x86.Build.0 = Debug|Any CPU
		{0DB882BE-3D4B-42FC-A211-CE953979F41F}.Release|Any CPU.ActiveCfg = Release|Any CPU
		{0DB882BE-3D4B-42FC-A211-CE953979F41F}.Release|Any CPU.Build.0 = Release|Any CPU
		{0DB882BE-3D4B-42FC-A211-CE953979F41F}.Release|ARM.ActiveCfg = Release|Any CPU
		{0DB882BE-3D4B-42FC-A211-CE953979F41F}.Release|ARM.Build.0 = Release|Any CPU
		{0DB882BE-3D4B-42FC-A211-CE953979F41F}.Release|iPhone.ActiveCfg = Release|Any CPU
		{0DB882BE-3D4B-42FC-A211-CE953979F41F}.Release|iPhone.Build.0 = Release|Any CPU
		{0DB882BE-3D4B-42FC-A211-CE953979F41F}.Release|iPhoneSimulator.ActiveCfg = Release|Any CPU
		{0DB882BE-3D4B-42FC-A211-CE953979F41F}.Release|iPhoneSimulator.Build.0 = Release|Any CPU
		{0DB882BE-3D4B-42FC-A211-CE953979F41F}.Release|x64.ActiveCfg = Release|Any CPU
		{0DB882BE-3D4B-42FC-A211-CE953979F41F}.Release|x64.Build.0 = Release|Any CPU
		{0DB882BE-3D4B-42FC-A211-CE953979F41F}.Release|x86.ActiveCfg = Release|Any CPU
		{0DB882BE-3D4B-42FC-A211-CE953979F41F}.Release|x86.Build.0 = Release|Any CPU
	EndGlobalSection
	GlobalSection(SolutionProperties) = preSolution
		HideSolutionNode = FALSE
	EndGlobalSection
	GlobalSection(ExtensibilityGlobals) = postSolution
		SolutionGuid = {FB1BB273-EC0C-485A-8E0A-2A44993F4B98}
	EndGlobalSection
EndGlobal
